
Microsoft Visual Studio Solution File, Format Version 12.00
# Visual Studio Version 16
VisualStudioVersion = 16.0.29728.190
MinimumVisualStudioVersion = 10.0.40219.1
Project("{9A19103F-16F7-4668-BE54-9A1E7A4F7556}") = "Liquid.Base", "src\Liquid.Base\Liquid.Base.csproj", "{C53B53BE-BA7D-4C74-B49F-23894B6AA5A6}"
EndProject
Project("{9A19103F-16F7-4668-BE54-9A1E7A4F7556}") = "Liquid.Runtime", "src\Liquid.Runtime\Liquid.Runtime.csproj", "{9D7C865B-9E6A-4748-B70A-4083CDD5BC1D}"
EndProject
Project("{9A19103F-16F7-4668-BE54-9A1E7A4F7556}") = "Liquid.Domain", "src\Liquid.Domain\Liquid.Domain.csproj", "{0AB74F4E-66F8-4ACD-9B69-225AD10EAC4A}"
EndProject
Project("{9A19103F-16F7-4668-BE54-9A1E7A4F7556}") = "Liquid.Activation", "src\Liquid.Activation\Liquid.Activation.csproj", "{CF4A970D-EABD-46F4-BB8E-2B7F8EBB645B}"
EndProject
Project("{9A19103F-16F7-4668-BE54-9A1E7A4F7556}") = "Liquid.Repository", "src\Liquid.Repository\Liquid.Repository.csproj", "{010DD5FB-AD00-491F-A561-68AD6D381875}"
EndProject
Project("{9A19103F-16F7-4668-BE54-9A1E7A4F7556}") = "Liquid.Middleware", "src\Liquid.Middleware\Liquid.Middleware.csproj", "{4A609AF9-8076-4C59-B894-B25829031CCD}"
EndProject
Project("{9A19103F-16F7-4668-BE54-9A1E7A4F7556}") = "Liquid.OnAWS", "src\Liquid.OnAWS\Liquid.OnAWS.csproj", "{1AC3685C-5CEF-481C-8220-5CE1FD6400F0}"
EndProject
Project("{9A19103F-16F7-4668-BE54-9A1E7A4F7556}") = "Liquid.OnAzure", "src\Liquid.OnAzure\Liquid.OnAzure.csproj", "{5835EA1F-3209-4D3E-B749-D83F7E886681}"
EndProject
Project("{9A19103F-16F7-4668-BE54-9A1E7A4F7556}") = "Liquid.OnGoogle", "src\Liquid.OnGoogle\Liquid.OnGoogle.csproj", "{937F6F3A-583C-4A57-9EB3-CDB0CEB42334}"
EndProject
Project("{9A19103F-16F7-4668-BE54-9A1E7A4F7556}") = "Liquid.OnPre", "src\Liquid.OnPre\Liquid.OnPre.csproj", "{7E823BCD-8363-4D7F-B5EB-79E3A04FBF9A}"
EndProject
Project("{2150E333-8FDC-42A3-9474-1A3956D46DE8}") = "Solution Items", "Solution Items", "{3BD9FCA1-72DA-4DC0-9396-25AF6AF9E9F3}"
	ProjectSection(SolutionItems) = preProject
		.editorconfig = .editorconfig
		CONTRIBUTING.md = CONTRIBUTING.md
		NuGet.config = NuGet.config
		README.md = README.md
		stylecop.json = stylecop.json
	EndProjectSection
EndProject
Project("{2150E333-8FDC-42A3-9474-1A3956D46DE8}") = "samples", "samples", "{670E2095-864B-4B61-AC87-0C3BC5272CB9}"
EndProject
Project("{9A19103F-16F7-4668-BE54-9A1E7A4F7556}") = "Liquid.Sample.CarRegistry", "samples\Liquid.Sample.CarRegistry\Liquid.Sample.CarRegistry.csproj", "{C698C46D-5F4C-41D0-8062-6DFC2D21A2DB}"
EndProject
Project("{2150E333-8FDC-42A3-9474-1A3956D46DE8}") = "src", "src", "{4C70751F-D2A1-4247-88C5-2732584913D8}"
EndProject
Project("{2150E333-8FDC-42A3-9474-1A3956D46DE8}") = "test", "test", "{6A0B6B3D-15FE-4C0B-97A1-7897E31C0C4E}"
	ProjectSection(SolutionItems) = preProject
		test\.editorconfig = test\.editorconfig
	EndProjectSection
EndProject
Project("{9A19103F-16F7-4668-BE54-9A1E7A4F7556}") = "Liquid.Base.Tests", "test\Liquid.Base.Tests\Liquid.Base.Tests.csproj", "{5279F425-0A2C-4889-968D-FFEB25975453}"
EndProject
Project("{9A19103F-16F7-4668-BE54-9A1E7A4F7556}") = "Liquid.Domain.Tests", "test\Liquid.Domain.Tests\Liquid.Domain.Tests.csproj", "{90CF0830-CD3C-4DD7-8C90-584772885BE0}"
EndProject
Project("{9A19103F-16F7-4668-BE54-9A1E7A4F7556}") = "Liquid.Tests", "test\Liquid.Tests\Liquid.Tests.csproj", "{6BA7DC4B-0F66-415A-AE74-5DEA5D3943D5}"
EndProject
Project("{9A19103F-16F7-4668-BE54-9A1E7A4F7556}") = "Liquid.OnAzure.IntegrationTests", "test\Liquid.OnAzure.Tests\Liquid.OnAzure.IntegrationTests.csproj", "{9DEA4109-7542-40D5-9CCF-A673C9787E6D}"
EndProject
Project("{9A19103F-16F7-4668-BE54-9A1E7A4F7556}") = "Liquid.Runtime.Tests", "test\Liquid.Runtime.Tests\Liquid.Runtime.Tests.csproj", "{83C12AC3-1AE7-4297-B414-347790EF32A3}"
EndProject
Project("{2150E333-8FDC-42A3-9474-1A3956D46DE8}") = "OnAzure.IntegrationTests", "OnAzure.IntegrationTests", "{C8A918D5-2B9D-4A57-8902-FA92F0C7193B}"
EndProject
Global
	GlobalSection(SolutionConfigurationPlatforms) = preSolution
		Debug|Any CPU = Debug|Any CPU
		Release|Any CPU = Release|Any CPU
	EndGlobalSection
	GlobalSection(ProjectConfigurationPlatforms) = postSolution
		{C53B53BE-BA7D-4C74-B49F-23894B6AA5A6}.Debug|Any CPU.ActiveCfg = Debug|Any CPU
		{C53B53BE-BA7D-4C74-B49F-23894B6AA5A6}.Debug|Any CPU.Build.0 = Debug|Any CPU
		{C53B53BE-BA7D-4C74-B49F-23894B6AA5A6}.Release|Any CPU.ActiveCfg = Release|Any CPU
		{C53B53BE-BA7D-4C74-B49F-23894B6AA5A6}.Release|Any CPU.Build.0 = Release|Any CPU
		{9D7C865B-9E6A-4748-B70A-4083CDD5BC1D}.Debug|Any CPU.ActiveCfg = Debug|Any CPU
		{9D7C865B-9E6A-4748-B70A-4083CDD5BC1D}.Debug|Any CPU.Build.0 = Debug|Any CPU
		{9D7C865B-9E6A-4748-B70A-4083CDD5BC1D}.Release|Any CPU.ActiveCfg = Release|Any CPU
		{9D7C865B-9E6A-4748-B70A-4083CDD5BC1D}.Release|Any CPU.Build.0 = Release|Any CPU
		{0AB74F4E-66F8-4ACD-9B69-225AD10EAC4A}.Debug|Any CPU.ActiveCfg = Debug|Any CPU
		{0AB74F4E-66F8-4ACD-9B69-225AD10EAC4A}.Debug|Any CPU.Build.0 = Debug|Any CPU
		{0AB74F4E-66F8-4ACD-9B69-225AD10EAC4A}.Release|Any CPU.ActiveCfg = Release|Any CPU
		{0AB74F4E-66F8-4ACD-9B69-225AD10EAC4A}.Release|Any CPU.Build.0 = Release|Any CPU
		{CF4A970D-EABD-46F4-BB8E-2B7F8EBB645B}.Debug|Any CPU.ActiveCfg = Debug|Any CPU
		{CF4A970D-EABD-46F4-BB8E-2B7F8EBB645B}.Debug|Any CPU.Build.0 = Debug|Any CPU
		{CF4A970D-EABD-46F4-BB8E-2B7F8EBB645B}.Release|Any CPU.ActiveCfg = Release|Any CPU
		{CF4A970D-EABD-46F4-BB8E-2B7F8EBB645B}.Release|Any CPU.Build.0 = Release|Any CPU
		{010DD5FB-AD00-491F-A561-68AD6D381875}.Debug|Any CPU.ActiveCfg = Debug|Any CPU
		{010DD5FB-AD00-491F-A561-68AD6D381875}.Debug|Any CPU.Build.0 = Debug|Any CPU
		{010DD5FB-AD00-491F-A561-68AD6D381875}.Release|Any CPU.ActiveCfg = Release|Any CPU
		{010DD5FB-AD00-491F-A561-68AD6D381875}.Release|Any CPU.Build.0 = Release|Any CPU
		{4A609AF9-8076-4C59-B894-B25829031CCD}.Debug|Any CPU.ActiveCfg = Debug|Any CPU
		{4A609AF9-8076-4C59-B894-B25829031CCD}.Debug|Any CPU.Build.0 = Debug|Any CPU
		{4A609AF9-8076-4C59-B894-B25829031CCD}.Release|Any CPU.ActiveCfg = Release|Any CPU
		{4A609AF9-8076-4C59-B894-B25829031CCD}.Release|Any CPU.Build.0 = Release|Any CPU
		{1AC3685C-5CEF-481C-8220-5CE1FD6400F0}.Debug|Any CPU.ActiveCfg = Debug|Any CPU
		{1AC3685C-5CEF-481C-8220-5CE1FD6400F0}.Debug|Any CPU.Build.0 = Debug|Any CPU
		{1AC3685C-5CEF-481C-8220-5CE1FD6400F0}.Release|Any CPU.ActiveCfg = Release|Any CPU
		{1AC3685C-5CEF-481C-8220-5CE1FD6400F0}.Release|Any CPU.Build.0 = Release|Any CPU
		{5835EA1F-3209-4D3E-B749-D83F7E886681}.Debug|Any CPU.ActiveCfg = Debug|Any CPU
		{5835EA1F-3209-4D3E-B749-D83F7E886681}.Debug|Any CPU.Build.0 = Debug|Any CPU
		{5835EA1F-3209-4D3E-B749-D83F7E886681}.Release|Any CPU.ActiveCfg = Release|Any CPU
		{5835EA1F-3209-4D3E-B749-D83F7E886681}.Release|Any CPU.Build.0 = Release|Any CPU
		{937F6F3A-583C-4A57-9EB3-CDB0CEB42334}.Debug|Any CPU.ActiveCfg = Debug|Any CPU
		{937F6F3A-583C-4A57-9EB3-CDB0CEB42334}.Debug|Any CPU.Build.0 = Debug|Any CPU
		{937F6F3A-583C-4A57-9EB3-CDB0CEB42334}.Release|Any CPU.ActiveCfg = Release|Any CPU
		{937F6F3A-583C-4A57-9EB3-CDB0CEB42334}.Release|Any CPU.Build.0 = Release|Any CPU
		{7E823BCD-8363-4D7F-B5EB-79E3A04FBF9A}.Debug|Any CPU.ActiveCfg = Debug|Any CPU
		{7E823BCD-8363-4D7F-B5EB-79E3A04FBF9A}.Debug|Any CPU.Build.0 = Debug|Any CPU
		{7E823BCD-8363-4D7F-B5EB-79E3A04FBF9A}.Release|Any CPU.ActiveCfg = Release|Any CPU
		{7E823BCD-8363-4D7F-B5EB-79E3A04FBF9A}.Release|Any CPU.Build.0 = Release|Any CPU
		{C698C46D-5F4C-41D0-8062-6DFC2D21A2DB}.Debug|Any CPU.ActiveCfg = Debug|Any CPU
		{C698C46D-5F4C-41D0-8062-6DFC2D21A2DB}.Debug|Any CPU.Build.0 = Debug|Any CPU
		{C698C46D-5F4C-41D0-8062-6DFC2D21A2DB}.Release|Any CPU.ActiveCfg = Release|Any CPU
		{C698C46D-5F4C-41D0-8062-6DFC2D21A2DB}.Release|Any CPU.Build.0 = Release|Any CPU
		{5279F425-0A2C-4889-968D-FFEB25975453}.Debug|Any CPU.ActiveCfg = Debug|Any CPU
		{5279F425-0A2C-4889-968D-FFEB25975453}.Debug|Any CPU.Build.0 = Debug|Any CPU
		{5279F425-0A2C-4889-968D-FFEB25975453}.Release|Any CPU.ActiveCfg = Release|Any CPU
		{5279F425-0A2C-4889-968D-FFEB25975453}.Release|Any CPU.Build.0 = Release|Any CPU
		{90CF0830-CD3C-4DD7-8C90-584772885BE0}.Debug|Any CPU.ActiveCfg = Debug|Any CPU
		{90CF0830-CD3C-4DD7-8C90-584772885BE0}.Debug|Any CPU.Build.0 = Debug|Any CPU
		{90CF0830-CD3C-4DD7-8C90-584772885BE0}.Release|Any CPU.ActiveCfg = Release|Any CPU
		{90CF0830-CD3C-4DD7-8C90-584772885BE0}.Release|Any CPU.Build.0 = Release|Any CPU
		{6BA7DC4B-0F66-415A-AE74-5DEA5D3943D5}.Debug|Any CPU.ActiveCfg = Debug|Any CPU
		{6BA7DC4B-0F66-415A-AE74-5DEA5D3943D5}.Debug|Any CPU.Build.0 = Debug|Any CPU
		{6BA7DC4B-0F66-415A-AE74-5DEA5D3943D5}.Release|Any CPU.ActiveCfg = Release|Any CPU
		{6BA7DC4B-0F66-415A-AE74-5DEA5D3943D5}.Release|Any CPU.Build.0 = Release|Any CPU
		{9DEA4109-7542-40D5-9CCF-A673C9787E6D}.Debug|Any CPU.ActiveCfg = Debug|Any CPU
		{9DEA4109-7542-40D5-9CCF-A673C9787E6D}.Debug|Any CPU.Build.0 = Debug|Any CPU
		{9DEA4109-7542-40D5-9CCF-A673C9787E6D}.Release|Any CPU.ActiveCfg = Release|Any CPU
		{9DEA4109-7542-40D5-9CCF-A673C9787E6D}.Release|Any CPU.Build.0 = Release|Any CPU
		{83C12AC3-1AE7-4297-B414-347790EF32A3}.Debug|Any CPU.ActiveCfg = Debug|Any CPU
		{83C12AC3-1AE7-4297-B414-347790EF32A3}.Debug|Any CPU.Build.0 = Debug|Any CPU
		{83C12AC3-1AE7-4297-B414-347790EF32A3}.Release|Any CPU.ActiveCfg = Release|Any CPU
		{83C12AC3-1AE7-4297-B414-347790EF32A3}.Release|Any CPU.Build.0 = Release|Any CPU
	EndGlobalSection
	GlobalSection(SolutionProperties) = preSolution
		HideSolutionNode = FALSE
	EndGlobalSection
	GlobalSection(NestedProjects) = preSolution
		{C53B53BE-BA7D-4C74-B49F-23894B6AA5A6} = {4C70751F-D2A1-4247-88C5-2732584913D8}
		{9D7C865B-9E6A-4748-B70A-4083CDD5BC1D} = {4C70751F-D2A1-4247-88C5-2732584913D8}
		{0AB74F4E-66F8-4ACD-9B69-225AD10EAC4A} = {4C70751F-D2A1-4247-88C5-2732584913D8}
		{CF4A970D-EABD-46F4-BB8E-2B7F8EBB645B} = {4C70751F-D2A1-4247-88C5-2732584913D8}
		{010DD5FB-AD00-491F-A561-68AD6D381875} = {4C70751F-D2A1-4247-88C5-2732584913D8}
		{4A609AF9-8076-4C59-B894-B25829031CCD} = {4C70751F-D2A1-4247-88C5-2732584913D8}
		{1AC3685C-5CEF-481C-8220-5CE1FD6400F0} = {4C70751F-D2A1-4247-88C5-2732584913D8}
		{5835EA1F-3209-4D3E-B749-D83F7E886681} = {4C70751F-D2A1-4247-88C5-2732584913D8}
		{937F6F3A-583C-4A57-9EB3-CDB0CEB42334} = {4C70751F-D2A1-4247-88C5-2732584913D8}
		{7E823BCD-8363-4D7F-B5EB-79E3A04FBF9A} = {4C70751F-D2A1-4247-88C5-2732584913D8}
		{C698C46D-5F4C-41D0-8062-6DFC2D21A2DB} = {670E2095-864B-4B61-AC87-0C3BC5272CB9}
		{5279F425-0A2C-4889-968D-FFEB25975453} = {6A0B6B3D-15FE-4C0B-97A1-7897E31C0C4E}
		{90CF0830-CD3C-4DD7-8C90-584772885BE0} = {6A0B6B3D-15FE-4C0B-97A1-7897E31C0C4E}
		{6BA7DC4B-0F66-415A-AE74-5DEA5D3943D5} = {6A0B6B3D-15FE-4C0B-97A1-7897E31C0C4E}
		{9DEA4109-7542-40D5-9CCF-A673C9787E6D} = {C8A918D5-2B9D-4A57-8902-FA92F0C7193B}
		{83C12AC3-1AE7-4297-B414-347790EF32A3} = {6A0B6B3D-15FE-4C0B-97A1-7897E31C0C4E}
		{C8A918D5-2B9D-4A57-8902-FA92F0C7193B} = {6A0B6B3D-15FE-4C0B-97A1-7897E31C0C4E}
	EndGlobalSection
	GlobalSection(ExtensibilityGlobals) = postSolution
		SolutionGuid = {1E0953B7-A30F-4440-9719-22CA017677B5}
	EndGlobalSection
EndGlobal
